
Microsoft Visual Studio Solution File, Format Version 12.00
# Visual Studio Version 17
VisualStudioVersion = 17.14.37012.4 d17.14
MinimumVisualStudioVersion = 10.0.40219.1
Project("{FAE04EC0-301F-11D3-BF4B-00C04F79EFBC}") = "KutuphaneWinForm", "KutuphaneWinForm\KutuphaneWinForm.csproj", "{F9592672-94EE-4225-95DB-3A4394FA3B9F}"
EndProject
Global
	GlobalSection(SolutionConfigurationPlatforms) = preSolution
		Debug|Any CPU = Debug|Any CPU
		Release|Any CPU = Release|Any CPU
	EndGlobalSection
	GlobalSection(ProjectConfigurationPlatforms) = postSolution
		{F9592672-94EE-4225-95DB-3A4394FA3B9F}.Debug|Any CPU.ActiveCfg = Debug|Any CPU
		{F9592672-94EE-4225-95DB-3A4394FA3B9F}.Debug|Any CPU.Build.0 = Debug|Any CPU
		{F9592672-94EE-4225-95DB-3A4394FA3B9F}.Release|Any CPU.ActiveCfg = Release|Any CPU
		{F9592672-94EE-4225-95DB-3A4394FA3B9F}.Release|Any CPU.Build.0 = Release|Any CPU
	EndGlobalSection
	GlobalSection(SolutionProperties) = preSolution
		HideSolutionNode = FALSE
	EndGlobalSection
	GlobalSection(ExtensibilityGlobals) = postSolution
		SolutionGuid = {C9290794-0143-476A-B87D-1E3F7DE0E897}
	EndGlobalSection
EndGlobal
